<Solution>
  <Folder Name="/src/">
    <Project Path="src/DocuMind.Api/DocuMind.Api.csproj" />
    <Project Path="src/DocuMind.Data/DocuMind.Data.csproj" />
    <Project Path="src/DocuMind.Services/DocuMind.Services.csproj" />
    <Project Path="src/DocuMind.Worker/DocuMind.Worker.csproj" />
  </Folder>
  <!-- Executable checks exercise real HTTP and PostgreSQL behavior in an isolated test database. -->
  <Folder Name="/tests/">
    <Project Path="tests/DocuMind.Auth.FlowChecks/DocuMind.Auth.FlowChecks.csproj" />
    <!-- Unit tests isolate custom decisions; they do not replace the real HTTP/database checks. -->
    <Project Path="tests/DocuMind.UnitTests/DocuMind.UnitTests.csproj" />
  </Folder>
</Solution>
